
Microsoft Visual Studio Solution File, Format Version 12.00
# Visual Studio Express 2012 for Web
Project("{FAE04EC0-301F-11D3-BF4B-00C04F79EFBC}") = "HipperChat.Core", "HipperChat.Core.csproj", "{295F34C0-7A7F-44D9-9073-F38F27A9D13C}"
EndProject
Project("{FAE04EC0-301F-11D3-BF4B-00C04F79EFBC}") = "HipperChat.Test", "..\HipperChat.Test\HipperChat.Test.csproj", "{C04EC292-5A74-490E-9DEC-38227F98CC62}"
EndProject
Project("{FAE04EC0-301F-11D3-BF4B-00C04F79EFBC}") = "HipperChat.Console", "..\HipperChat.Console\HipperChat.Console.csproj", "{34BE720B-E8F3-4A77-8887-027B3476A6B9}"
EndProject
Global
	GlobalSection(SolutionConfigurationPlatforms) = preSolution
		Debug|Any CPU = Debug|Any CPU
		Release|Any CPU = Release|Any CPU
	EndGlobalSection
	GlobalSection(ProjectConfigurationPlatforms) = postSolution
		{295F34C0-7A7F-44D9-9073-F38F27A9D13C}.Debug|Any CPU.ActiveCfg = Debug|Any CPU
		{295F34C0-7A7F-44D9-9073-F38F27A9D13C}.Debug|Any CPU.Build.0 = Debug|Any CPU
		{295F34C0-7A7F-44D9-9073-F38F27A9D13C}.Release|Any CPU.ActiveCfg = Release|Any CPU
		{295F34C0-7A7F-44D9-9073-F38F27A9D13C}.Release|Any CPU.Build.0 = Release|Any CPU
		{C04EC292-5A74-490E-9DEC-38227F98CC62}.Debug|Any CPU.ActiveCfg = Debug|Any CPU
		{C04EC292-5A74-490E-9DEC-38227F98CC62}.Debug|Any CPU.Build.0 = Debug|Any CPU
		{C04EC292-5A74-490E-9DEC-38227F98CC62}.Release|Any CPU.ActiveCfg = Release|Any CPU
		{C04EC292-5A74-490E-9DEC-38227F98CC62}.Release|Any CPU.Build.0 = Release|Any CPU
		{34BE720B-E8F3-4A77-8887-027B3476A6B9}.Debug|Any CPU.ActiveCfg = Debug|Any CPU
		{34BE720B-E8F3-4A77-8887-027B3476A6B9}.Debug|Any CPU.Build.0 = Debug|Any CPU
		{34BE720B-E8F3-4A77-8887-027B3476A6B9}.Release|Any CPU.ActiveCfg = Release|Any CPU
		{34BE720B-E8F3-4A77-8887-027B3476A6B9}.Release|Any CPU.Build.0 = Release|Any CPU
	EndGlobalSection
	GlobalSection(SolutionProperties) = preSolution
		HideSolutionNode = FALSE
	EndGlobalSection
EndGlobal
